
Microsoft Visual Studio Solution File, Format Version 12.00
# Visual Studio 15
VisualStudioVersion = 15.0.27703.2047
MinimumVisualStudioVersion = 10.0.40219.1
Project("{8BC9CEB8-8B4A-11D0-8D11-00A0C91BC942}") = "task_1", "task_1\task_1.vcxproj", "{FEB5BA3B-9E5B-4B4A-9047-BFB3D15236C1}"
EndProject
Project("{8BC9CEB8-8B4A-11D0-8D11-00A0C91BC942}") = "task_2", "task_2\task_2.vcxproj", "{581E4FCE-E482-4F0F-B8E6-7A39D2428999}"
EndProject
Project("{8BC9CEB8-8B4A-11D0-8D11-00A0C91BC942}") = "task_3", "task_3\task_3.vcxproj", "{2B5EDE36-E019-4200-B2F5-CFC5B47D3857}"
EndProject
Global
	GlobalSection(SolutionConfigurationPlatforms) = preSolution
		Debug|x64 = Debug|x64
		Debug|x86 = Debug|x86
		Release|x64 = Release|x64
		Release|x86 = Release|x86
	EndGlobalSection
	GlobalSection(ProjectConfigurationPlatforms) = postSolution
		{FEB5BA3B-9E5B-4B4A-9047-BFB3D15236C1}.Debug|x64.ActiveCfg = Debug|x64
		{FEB5BA3B-9E5B-4B4A-9047-BFB3D15236C1}.Debug|x64.Build.0 = Debug|x64
		{FEB5BA3B-9E5B-4B4A-9047-BFB3D15236C1}.Debug|x86.ActiveCfg = Debug|Win32
		{FEB5BA3B-9E5B-4B4A-9047-BFB3D15236C1}.Debug|x86.Build.0 = Debug|Win32
		{FEB5BA3B-9E5B-4B4A-9047-BFB3D15236C1}.Release|x64.ActiveCfg = Release|x64
		{FEB5BA3B-9E5B-4B4A-9047-BFB3D15236C1}.Release|x64.Build.0 = Release|x64
		{FEB5BA3B-9E5B-4B4A-9047-BFB3D15236C1}.Release|x86.ActiveCfg = Release|Win32
		{FEB5BA3B-9E5B-4B4A-9047-BFB3D15236C1}.Release|x86.Build.0 = Release|Win32
		{581E4FCE-E482-4F0F-B8E6-7A39D2428999}.Debug|x64.ActiveCfg = Debug|x64
		{581E4FCE-E482-4F0F-B8E6-7A39D2428999}.Debug|x64.Build.0 = Debug|x64
		{581E4FCE-E482-4F0F-B8E6-7A39D2428999}.Debug|x86.ActiveCfg = Debug|Win32
		{581E4FCE-E482-4F0F-B8E6-7A39D2428999}.Debug|x86.Build.0 = Debug|Win32
		{581E4FCE-E482-4F0F-B8E6-7A39D2428999}.Release|x64.ActiveCfg = Release|x64
		{581E4FCE-E482-4F0F-B8E6-7A39D2428999}.Release|x64.Build.0 = Release|x64
		{581E4FCE-E482-4F0F-B8E6-7A39D2428999}.Release|x86.ActiveCfg = Release|Win32
		{581E4FCE-E482-4F0F-B8E6-7A39D2428999}.Release|x86.Build.0 = Release|Win32
		{2B5EDE36-E019-4200-B2F5-CFC5B47D3857}.Debug|x64.ActiveCfg = Debug|x64
		{2B5EDE36-E019-4200-B2F5-CFC5B47D3857}.Debug|x64.Build.0 = Debug|x64
		{2B5EDE36-E019-4200-B2F5-CFC5B47D3857}.Debug|x86.ActiveCfg = Debug|Win32
		{2B5EDE36-E019-4200-B2F5-CFC5B47D3857}.Debug|x86.Build.0 = Debug|Win32
		{2B5EDE36-E019-4200-B2F5-CFC5B47D3857}.Release|x64.ActiveCfg = Release|x64
		{2B5EDE36-E019-4200-B2F5-CFC5B47D3857}.Release|x64.Build.0 = Release|x64
		{2B5EDE36-E019-4200-B2F5-CFC5B47D3857}.Release|x86.ActiveCfg = Release|Win32
		{2B5EDE36-E019-4200-B2F5-CFC5B47D3857}.Release|x86.Build.0 = Release|Win32
	EndGlobalSection
	GlobalSection(SolutionProperties) = preSolution
		HideSolutionNode = FALSE
	EndGlobalSection
	GlobalSection(ExtensibilityGlobals) = postSolution
		SolutionGuid = {979CA8D5-EAD7-4129-ABF3-B010DC0D917B}
	EndGlobalSection
EndGlobal
